PODS:
  - LocationRequestManager (0.1.0)
  - Nimble (3.2.0)
  - Quick (0.9.2)

DEPENDENCIES:
  - LocationRequestManager (from `../`)
  - Nimble (~> 3.0)
  - Quick (~> 0.8)

EXTERNAL SOURCES:
  LocationRequestManager:
    :path: "../"

SPEC CHECKSUMS:
  LocationRequestManager: 5d0d174e164d356d1f92cffa48d255a6466b26a5
  Nimble: 703854335d181df169bbca9c97117b5cf8c47c1d
  Quick: 18d057bc66451eedd5d1c8dc99ba2a5db6e60226

COCOAPODS: 0.39.0
